
Microsoft Visual Studio Solution File, Format Version 12.00
# Visual Studio Version 16
VisualStudioVersion = 16.0.32510.428
MinimumVisualStudioVersion = 10.0.40219.1
Project("{FAE04EC0-301F-11D3-BF4B-00C04F79EFBC}") = "Parad", "Parad\Parad.csproj", "{FEEFE6A5-9FA4-4794-8CBB-B8A3CA4DD037}"
EndProject
Global
	GlobalSection(SolutionConfigurationPlatforms) = preSolution
		Debug|Any CPU = Debug|Any CPU
		Release|Any CPU = Release|Any CPU
	EndGlobalSection
	GlobalSection(ProjectConfigurationPlatforms) = postSolution
		{FEEFE6A5-9FA4-4794-8CBB-B8A3CA4DD037}.Debug|Any CPU.ActiveCfg = Debug|Any CPU
		{FEEFE6A5-9FA4-4794-8CBB-B8A3CA4DD037}.Debug|Any CPU.Build.0 = Debug|Any CPU
		{FEEFE6A5-9FA4-4794-8CBB-B8A3CA4DD037}.Release|Any CPU.ActiveCfg = Release|Any CPU
		{FEEFE6A5-9FA4-4794-8CBB-B8A3CA4DD037}.Release|Any CPU.Build.0 = Release|Any CPU
	EndGlobalSection
	GlobalSection(SolutionProperties) = preSolution
		HideSolutionNode = FALSE
	EndGlobalSection
	GlobalSection(ExtensibilityGlobals) = postSolution
		SolutionGuid = {C486EEBD-6A73-44C5-BDD5-B23803F8F58E}
	EndGlobalSection
EndGlobal
